
Microsoft Visual Studio Solution File, Format Version 12.00
# Visual Studio 15
VisualStudioVersion = 15.0.28307.572
MinimumVisualStudioVersion = 10.0.40219.1
Project("{8BC9CEB8-8B4A-11D0-8D11-00A0C91BC942}") = "Splay_Tree", "Splay_Tree\Splay_Tree.vcxproj", "{A90D116C-C001-4F69-BB2B-90B507A6EB3E}"
EndProject
Global
	GlobalSection(SolutionConfigurationPlatforms) = preSolution
		Debug|x64 = Debug|x64
		Debug|x86 = Debug|x86
		Release|x64 = Release|x64
		Release|x86 = Release|x86
	EndGlobalSection
	GlobalSection(ProjectConfigurationPlatforms) = postSolution
		{A90D116C-C001-4F69-BB2B-90B507A6EB3E}.Debug|x64.ActiveCfg = Debug|x64
		{A90D116C-C001-4F69-BB2B-90B507A6EB3E}.Debug|x64.Build.0 = Debug|x64
		{A90D116C-C001-4F69-BB2B-90B507A6EB3E}.Debug|x86.ActiveCfg = Debug|Win32
		{A90D116C-C001-4F69-BB2B-90B507A6EB3E}.Debug|x86.Build.0 = Debug|Win32
		{A90D116C-C001-4F69-BB2B-90B507A6EB3E}.Release|x64.ActiveCfg = Release|x64
		{A90D116C-C001-4F69-BB2B-90B507A6EB3E}.Release|x64.Build.0 = Release|x64
		{A90D116C-C001-4F69-BB2B-90B507A6EB3E}.Release|x86.ActiveCfg = Release|Win32
		{A90D116C-C001-4F69-BB2B-90B507A6EB3E}.Release|x86.Build.0 = Release|Win32
	EndGlobalSection
	GlobalSection(SolutionProperties) = preSolution
		HideSolutionNode = FALSE
	EndGlobalSection
	GlobalSection(ExtensibilityGlobals) = postSolution
		SolutionGuid = {515A2E20-6725-47CD-9568-A7FAE95C2B2E}
	EndGlobalSection
EndGlobal
